
Microsoft Visual Studio Solution File, Format Version 12.00
# Visual Studio Version 16
VisualStudioVersion = 16.0.29403.142
MinimumVisualStudioVersion = 10.0.40219.1
Project("{9A19103F-16F7-4668-BE54-9A1E7A4F7556}") = "GraphExtensions", "GraphExtensions.csproj", "{704EB601-CDAF-47ED-A0B3-55298A9D2B0F}"
EndProject
Project("{9A19103F-16F7-4668-BE54-9A1E7A4F7556}") = "Graph", "..\Graph\Graph.csproj", "{9BC38CF6-EAAE-446E-B49F-CF55294E73B8}"
EndProject
Project("{FAE04EC0-301F-11D3-BF4B-00C04F79EFBC}") = "NUnitGraphTests", "..\NUnitGraphTests\NUnitGraphTests.csproj", "{D6FDDE50-6084-4BDE-B997-C85CE000EBC4}"
EndProject
Global
	GlobalSection(SolutionConfigurationPlatforms) = preSolution
		Debug|Any CPU = Debug|Any CPU
		Release|Any CPU = Release|Any CPU
	EndGlobalSection
	GlobalSection(ProjectConfigurationPlatforms) = postSolution
		{704EB601-CDAF-47ED-A0B3-55298A9D2B0F}.Debug|Any CPU.ActiveCfg = Debug|Any CPU
		{704EB601-CDAF-47ED-A0B3-55298A9D2B0F}.Debug|Any CPU.Build.0 = Debug|Any CPU
		{704EB601-CDAF-47ED-A0B3-55298A9D2B0F}.Release|Any CPU.ActiveCfg = Release|Any CPU
		{704EB601-CDAF-47ED-A0B3-55298A9D2B0F}.Release|Any CPU.Build.0 = Release|Any CPU
		{9BC38CF6-EAAE-446E-B49F-CF55294E73B8}.Debug|Any CPU.ActiveCfg = Debug|Any CPU
		{9BC38CF6-EAAE-446E-B49F-CF55294E73B8}.Debug|Any CPU.Build.0 = Debug|Any CPU
		{9BC38CF6-EAAE-446E-B49F-CF55294E73B8}.Release|Any CPU.ActiveCfg = Release|Any CPU
		{9BC38CF6-EAAE-446E-B49F-CF55294E73B8}.Release|Any CPU.Build.0 = Release|Any CPU
		{D6FDDE50-6084-4BDE-B997-C85CE000EBC4}.Debug|Any CPU.ActiveCfg = Debug|Any CPU
		{D6FDDE50-6084-4BDE-B997-C85CE000EBC4}.Debug|Any CPU.Build.0 = Debug|Any CPU
		{D6FDDE50-6084-4BDE-B997-C85CE000EBC4}.Release|Any CPU.ActiveCfg = Release|Any CPU
		{D6FDDE50-6084-4BDE-B997-C85CE000EBC4}.Release|Any CPU.Build.0 = Release|Any CPU
	EndGlobalSection
	GlobalSection(SolutionProperties) = preSolution
		HideSolutionNode = FALSE
	EndGlobalSection
	GlobalSection(ExtensibilityGlobals) = postSolution
		SolutionGuid = {E398FE4B-ECDE-41FE-9979-61A9B70EE488}
	EndGlobalSection
EndGlobal
